// !$*UTF8*$!
{
	archiveVersion = 1;
	classes = {
	};
	objectVersion = 46;
	objects = {

/* Begin PBXBuildFile section */
		3E70EC851E06AD9F00CE0D85 /* AppDelegate.swift in Sources */ = {isa = PBXBuildFile; fileRef = 3E70EC841E06AD9F00CE0D85 /* AppDelegate.swift */; };
		3E70EC871E06AD9F00CE0D85 /* ViewController.swift in Sources */ = {isa = PBXBuildFile; fileRef = 3E70EC861E06AD9F00CE0D85 /* ViewController.swift */; };
		3E70EC8A1E06AD9F00CE0D85 /* Main.storyboard in Resources */ = {isa = PBXBuildFile; fileRef = 3E70EC881E06AD9F00CE0D85 /* Main.storyboard */; };
		3E70EC8C1E06AD9F00CE0D85 /* Assets.xcassets in Resources */ = {isa = PBXBuildFile; fileRef = 3E70EC8B1E06AD9F00CE0D85 /* Assets.xcassets */; };
		3E70EC8F1E06AD9F00CE0D85 /* LaunchScreen.storyboard in Resources */ = {isa = PBXBuildFile; fileRef = 3E70EC8D1E06AD9F00CE0D85 /* LaunchScreen.storyboard */; };
		3E70EC941E06ADA000CE0D85 /* WatchAVFoundationSample WatchKit App.app in Embed Watch Content */ = {isa = PBXBuildFile; fileRef = 3E70EC931E06ADA000CE0D85 /* WatchAVFoundationSample WatchKit App.app */; };
		3E70EC9A1E06ADA000CE0D85 /* Interface.storyboard in Resources */ = {isa = PBXBuildFile; fileRef = 3E70EC981E06ADA000CE0D85 /* Interface.storyboard */; };
		3E70EC9C1E06ADA000CE0D85 /* Assets.xcassets in Resources */ = {isa = PBXBuildFile; fileRef = 3E70EC9B1E06ADA000CE0D85 /* Assets.xcassets */; };
		3E70ECA31E06ADA000CE0D85 /* WatchAVFoundationSample WatchKit Extension.appex in Embed App Extensions */ = {isa = PBXBuildFile; fileRef = 3E70ECA21E06ADA000CE0D85 /* WatchAVFoundationSample WatchKit Extension.appex */; settings = {ATTRIBUTES = (RemoveHeadersOnCopy, ); }; };
		3E70ECA81E06ADA000CE0D85 /* InterfaceController.swift in Sources */ = {isa = PBXBuildFile; fileRef = 3E70ECA71E06ADA000CE0D85 /* InterfaceController.swift */; };
		3E70ECAA1E06ADA000CE0D85 /* ExtensionDelegate.swift in Sources */ = {isa = PBXBuildFile; fileRef = 3E70ECA91E06ADA000CE0D85 /* ExtensionDelegate.swift */; };
		3E70ECAC1E06ADA000CE0D85 /* Assets.xcassets in Resources */ = {isa = PBXBuildFile; fileRef = 3E70ECAB1E06ADA000CE0D85 /* Assets.xcassets */; };
		3E71F4901E06C91F00B748F4 /* se.caf in Resources */ = {isa = PBXBuildFile; fileRef = 3E71F48F1E06C91F00B748F4 /* se.caf */; };
/* End PBXBuildFile section */

/* Begin PBXContainerItemProxy section */
		3E70EC951E06ADA000CE0D85 /* PBXContainerItemProxy */ = {
			isa = PBXContainerItemProxy;
			containerPortal = 3E70EC791E06AD9F00CE0D85 /* Project object */;
			proxyType = 1;
			remoteGlobalIDString = 3E70EC921E06ADA000CE0D85;
			remoteInfo = "WatchAVFoundationSample WatchKit App";
		};
		3E70ECA41E06ADA000CE0D85 /* PBXContainerItemProxy */ = {
			isa = PBXContainerItemProxy;
			containerPortal = 3E70EC791E06AD9F00CE0D85 /* Project object */;
			proxyType = 1;
			remoteGlobalIDString = 3E70ECA11E06ADA000CE0D85;
			remoteInfo = "WatchAVFoundationSample WatchKit Extension";
		};
/* End PBXContainerItemProxy section */

/* Begin PBXCopyFilesBuildPhase section */
		3E70ECB31E06ADA000CE0D85 /* Embed App Extensions */ = {
			isa = PBXCopyFilesBuildPhase;
			buildActionMask = 2147483647;
			dstPath = "";
			dstSubfolderSpec = 13;
			files = (
				3E70ECA31E06ADA000CE0D85 /* WatchAVFoundationSample WatchKit Extension.appex in Embed App Extensions */,
			);
			name = "Embed App Extensions";
			runOnlyForDeploymentPostprocessing = 0;
		};
		3E70ECB71E06ADA000CE0D85 /* Embed Watch Content */ = {
			isa = PBXCopyFilesBuildPhase;
			buildActionMask = 2147483647;
			dstPath = "$(CONTENTS_FOLDER_PATH)/Watch";
			dstSubfolderSpec = 16;
			files = (
				3E70EC941E06ADA000CE0D85 /* WatchAVFoundationSample WatchKit App.app in Embed Watch Content */,
			);
			name = "Embed Watch Content";
			runOnlyForDeploymentPostprocessing = 0;
		};
/* End PBXCopyFilesBuildPhase section */

/* Begin PBXFileReference section */
		3E70EC811E06AD9F00CE0D85 /* WatchAVFoundationSample.app */ = {isa = PBXFileReference; explicitFileType = wrapper.application; includeInIndex = 0; path = WatchAVFoundationSample.app; sourceTree = BUILT_PRODUCTS_DIR; };
		3E70EC841E06AD9F00CE0D85 /* AppDelegate.swift */ = {isa = PBXFileReference; lastKnownFileType = sourcecode.swift; path = AppDelegate.swift; sourceTree = "<group>"; };
		3E70EC861E06AD9F00CE0D85 /* ViewController.swift */ = {isa = PBXFileReference; lastKnownFileType = sourcecode.swift; path = ViewController.swift; sourceTree = "<group>"; };
		3E70EC891E06AD9F00CE0D85 /* Base */ = {isa = PBXFileReference; lastKnownFileType = file.storyboard; name = Base; path = Base.lproj/Main.storyboard; sourceTree = "<group>"; };
		3E70EC8B1E06AD9F00CE0D85 /* Assets.xcassets */ = {isa = PBXFileReference; lastKnownFileType = folder.assetcatalog; path = Assets.xcassets; sourceTree = "<group>"; };
		3E70EC8E1E06AD9F00CE0D85 /* Base */ = {isa = PBXFileReference; lastKnownFileType = file.storyboard; name = Base; path = Base.lproj/LaunchScreen.storyboard; sourceTree = "<group>"; };
		3E70EC901E06AD9F00CE0D85 /* Info.plist */ = {isa = PBXFileReference; lastKnownFileType = text.plist.xml; path = Info.plist; sourceTree = "<group>"; };
		3E70EC931E06ADA000CE0D85 /* WatchAVFoundationSample WatchKit App.app */ = {isa = PBXFileReference; explicitFileType = wrapper.application; includeInIndex = 0; path = "WatchAVFoundationSample WatchKit App.app"; sourceTree = BUILT_PRODUCTS_DIR; };
		3E70EC991E06ADA000CE0D85 /* Base */ = {isa = PBXFileReference; lastKnownFileType = file.storyboard; name = Base; path = Base.lproj/Interface.storyboard; sourceTree = "<group>"; };
		3E70EC9B1E06ADA000CE0D85 /* Assets.xcassets */ = {isa = PBXFileReference; lastKnownFileType = folder.assetcatalog; path = Assets.xcassets; sourceTree = "<group>"; };
		3E70EC9D1E06ADA000CE0D85 /* Info.plist */ = {isa = PBXFileReference; lastKnownFileType = text.plist.xml; path = Info.plist; sourceTree = "<group>"; };
		3E70ECA21E06ADA000CE0D85 /* WatchAVFoundationSample WatchKit Extension.appex */ = {isa = PBXFileReference; explicitFileType = "wrapper.app-extension"; includeInIndex = 0; path = "WatchAVFoundationSample WatchKit Extension.appex"; sourceTree = BUILT_PRODUCTS_DIR; };
		3E70ECA71E06ADA000CE0D85 /* InterfaceController.swift */ = {isa = PBXFileReference; lastKnownFileType = sourcecode.swift; path = InterfaceController.swift; sourceTree = "<group>"; };
		3E70ECA91E06ADA000CE0D85 /* ExtensionDelegate.swift */ = {isa = PBXFileReference; lastKnownFileType = sourcecode.swift; path = ExtensionDelegate.swift; sourceTree = "<group>"; };
		3E70ECAB1E06ADA000CE0D85 /* Assets.xcassets */ = {isa = PBXFileReference; lastKnownFileType = folder.assetcatalog; path = Assets.xcassets; sourceTree = "<group>"; };
		3E70ECAD1E06ADA000CE0D85 /* Info.plist */ = {isa = PBXFileReference; lastKnownFileType = text.plist.xml; path = Info.plist; sourceTree = "<group>"; };
		3E70ECC41E06B21C00CE0D85 /* AVFoundation.framework */ = {isa = PBXFileReference; lastKnownFileType = wrapper.framework; name = AVFoundation.framework; path = Platforms/WatchOS.platform/Developer/SDKs/WatchOS3.1.sdk/System/Library/Frameworks/AVFoundation.framework; sourceTree = DEVELOPER_DIR; };
		3E70ECC61E06B2C300CE0D85 /* AVFoundation.framework */ = {isa = PBXFileReference; lastKnownFileType = wrapper.framework; name = AVFoundation.framework; path = System/Library/Frameworks/AVFoundation.framework; sourceTree = SDKROOT; };
		3E71F48F1E06C91F00B748F4 /* se.caf */ = {isa = PBXFileReference; lastKnownFileType = file; path = se.caf; sourceTree = "<group>"; };
/* End PBXFileReference section */

/* Begin PBXFrameworksBuildPhase section */
		3E70EC7E1E06AD9F00CE0D85 /* Frameworks */ = {
			isa = PBXFrameworksBuildPhase;
			buildActionMask = 2147483647;
			files = (
			);
			runOnlyForDeploymentPostprocessing = 0;
		};
		3E70EC9F1E06ADA000CE0D85 /* Frameworks */ = {
			isa = PBXFrameworksBuildPhase;
			buildActionMask = 2147483647;
			files = (
			);
			runOnlyForDeploymentPostprocessing = 0;
		};
		3E70ECCA1E06B2D000CE0D85 /* Frameworks */ = {
			isa = PBXFrameworksBuildPhase;
			buildActionMask = 2147483647;
			files = (
			);
			runOnlyForDeploymentPostprocessing = 0;
		};
/* End PBXFrameworksBuildPhase section */

/* Begin PBXGroup section */
		3E70EC781E06AD9F00CE0D85 = {
			isa = PBXGroup;
			children = (
				3E70EC831E06AD9F00CE0D85 /* WatchAVFoundationSample */,
				3E70EC971E06ADA000CE0D85 /* WatchAVFoundationSample WatchKit App */,
				3E70ECA61E06ADA000CE0D85 /* WatchAVFoundationSample WatchKit Extension */,
				3E70EC821E06AD9F00CE0D85 /* Products */,
				3E70ECC31E06B21C00CE0D85 /* Frameworks */,
			);
			sourceTree = "<group>";
		};
		3E70EC821E06AD9F00CE0D85 /* Products */ = {
			isa = PBXGroup;
			children = (
				3E70EC811E06AD9F00CE0D85 /* WatchAVFoundationSample.app */,
				3E70EC931E06ADA000CE0D85 /* WatchAVFoundationSample WatchKit App.app */,
				3E70ECA21E06ADA000CE0D85 /* WatchAVFoundationSample WatchKit Extension.appex */,
			);
			name = Products;
			sourceTree = "<group>";
		};
		3E70EC831E06AD9F00CE0D85 /* WatchAVFoundationSample */ = {
			isa = PBXGroup;
			children = (
				3E70EC841E06AD9F00CE0D85 /* AppDelegate.swift */,
				3E70EC861E06AD9F00CE0D85 /* ViewController.swift */,
				3E70EC881E06AD9F00CE0D85 /* Main.storyboard */,
				3E70EC8B1E06AD9F00CE0D85 /* Assets.xcassets */,
				3E70EC8D1E06AD9F00CE0D85 /* LaunchScreen.storyboard */,
				3E70EC901E06AD9F00CE0D85 /* Info.plist */,
			);
			path = WatchAVFoundationSample;
			sourceTree = "<group>";
		};
		3E70EC971E06ADA000CE0D85 /* WatchAVFoundationSample WatchKit App */ = {
			isa = PBXGroup;
			children = (
				3E70EC981E06ADA000CE0D85 /* Interface.storyboard */,
				3E70EC9B1E06ADA000CE0D85 /* Assets.xcassets */,
				3E70EC9D1E06ADA000CE0D85 /* Info.plist */,
			);
			path = "WatchAVFoundationSample WatchKit App";
			sourceTree = "<group>";
		};
		3E70ECA61E06ADA000CE0D85 /* WatchAVFoundationSample WatchKit Extension */ = {
			isa = PBXGroup;
			children = (
				3E71F48F1E06C91F00B748F4 /* se.caf */,
				3E70ECA71E06ADA000CE0D85 /* InterfaceController.swift */,
				3E70ECA91E06ADA000CE0D85 /* ExtensionDelegate.swift */,
				3E70ECAB1E06ADA000CE0D85 /* Assets.xcassets */,
				3E70ECAD1E06ADA000CE0D85 /* Info.plist */,
			);
			path = "WatchAVFoundationSample WatchKit Extension";
			sourceTree = "<group>";
		};
		3E70ECC31E06B21C00CE0D85 /* Frameworks */ = {
			isa = PBXGroup;
			children = (
				3E70ECC61E06B2C300CE0D85 /* AVFoundation.framework */,
				3E70ECC41E06B21C00CE0D85 /* AVFoundation.framework */,
			);
			name = Frameworks;
			sourceTree = "<group>";
		};
/* End PBXGroup section */

/* Begin PBXNativeTarget section */
		3E70EC801E06AD9F00CE0D85 /* WatchAVFoundationSample */ = {
			isa = PBXNativeTarget;
			buildConfigurationList = 3E70ECB81E06ADA000CE0D85 /* Build configuration list for PBXNativeTarget "WatchAVFoundationSample" */;
			buildPhases = (
				3E70EC7D1E06AD9F00CE0D85 /* Sources */,
				3E70EC7E1E06AD9F00CE0D85 /* Frameworks */,
				3E70EC7F1E06AD9F00CE0D85 /* Resources */,
				3E70ECB71E06ADA000CE0D85 /* Embed Watch Content */,
			);
			buildRules = (
			);
			dependencies = (
				3E70EC961E06ADA000CE0D85 /* PBXTargetDependency */,
			);
			name = WatchAVFoundationSample;
			productName = WatchAVFoundationSample;
			productReference = 3E70EC811E06AD9F00CE0D85 /* WatchAVFoundationSample.app */;
			productType = "com.apple.product-type.application";
		};
		3E70EC921E06ADA000CE0D85 /* WatchAVFoundationSample WatchKit App */ = {
			isa = PBXNativeTarget;
			buildConfigurationList = 3E70ECB41E06ADA000CE0D85 /* Build configuration list for PBXNativeTarget "WatchAVFoundationSample WatchKit App" */;
			buildPhases = (
				3E70EC911E06ADA000CE0D85 /* Resources */,
				3E70ECB31E06ADA000CE0D85 /* Embed App Extensions */,
				3E70ECCA1E06B2D000CE0D85 /* Frameworks */,
			);
			buildRules = (
			);
			dependencies = (
				3E70ECA51E06ADA000CE0D85 /* PBXTargetDependency */,
			);
			name = "WatchAVFoundationSample WatchKit App";
			productName = "WatchAVFoundationSample WatchKit App";
			productReference = 3E70EC931E06ADA000CE0D85 /* WatchAVFoundationSample WatchKit App.app */;
			productType = "com.apple.product-type.application.watchapp2";
		};
		3E70ECA11E06ADA000CE0D85 /* WatchAVFoundationSample WatchKit Extension */ = {
			isa = PBXNativeTarget;
			buildConfigurationList = 3E70ECB01E06ADA000CE0D85 /* Build configuration list for PBXNativeTarget "WatchAVFoundationSample WatchKit Extension" */;
			buildPhases = (
				3E70EC9E1E06ADA000CE0D85 /* Sources */,
				3E70EC9F1E06ADA000CE0D85 /* Frameworks */,
				3E70ECA01E06ADA000CE0D85 /* Resources */,
			);
			buildRules = (
			);
			dependencies = (
			);
			name = "WatchAVFoundationSample WatchKit Extension";
			productName = "WatchAVFoundationSample WatchKit Extension";
			productReference = 3E70ECA21E06ADA000CE0D85 /* WatchAVFoundationSample WatchKit Extension.appex */;
			productType = "com.apple.product-type.watchkit2-extension";
		};
/* End PBXNativeTarget section */

/* Begin PBXProject section */
		3E70EC791E06AD9F00CE0D85 /* Project object */ = {
			isa = PBXProject;
			attributes = {
				LastSwiftUpdateCheck = 0820;
				LastUpgradeCheck = 0820;
				ORGANIZATIONNAME = CrossBridge;
				TargetAttributes = {
					3E70EC801E06AD9F00CE0D85 = {
						CreatedOnToolsVersion = 8.2;
						ProvisioningStyle = Automatic;
					};
					3E70EC921E06ADA000CE0D85 = {
						CreatedOnToolsVersion = 8.2;
						ProvisioningStyle = Automatic;
					};
					3E70ECA11E06ADA000CE0D85 = {
						CreatedOnToolsVersion = 8.2;
						ProvisioningStyle = Automatic;
					};
				};
			};
			buildConfigurationList = 3E70EC7C1E06AD9F00CE0D85 /* Build configuration list for PBXProject "WatchAVFoundationSample" */;
			compatibilityVersion = "Xcode 3.2";
			developmentRegion = English;
			hasScannedForEncodings = 0;
			knownRegions = (
				en,
				Base,
			);
			mainGroup = 3E70EC781E06AD9F00CE0D85;
			productRefGroup = 3E70EC821E06AD9F00CE0D85 /* Products */;
			projectDirPath = "";
			projectRoot = "";
			targets = (
				3E70EC801E06AD9F00CE0D85 /* WatchAVFoundationSample */,
				3E70EC921E06ADA000CE0D85 /* WatchAVFoundationSample WatchKit App */,
				3E70ECA11E06ADA000CE0D85 /* WatchAVFoundationSample WatchKit Extension */,
			);
		};
/* End PBXProject section */

/* Begin PBXResourcesBuildPhase section */
		3E70EC7F1E06AD9F00CE0D85 /* Resources */ = {
			isa = PBXResourcesBuildPhase;
			buildActionMask = 2147483647;
			files = (
				3E70EC8F1E06AD9F00CE0D85 /* LaunchScreen.storyboard in Resources */,
				3E70EC8C1E06AD9F00CE0D85 /* Assets.xcassets in Resources */,
				3E70EC8A1E06AD9F00CE0D85 /* Main.storyboard in Resources */,
			);
			runOnlyForDeploymentPostprocessing = 0;
		};
		3E70EC911E06ADA000CE0D85 /* Resources */ = {
			isa = PBXResourcesBuildPhase;
			buildActionMask = 2147483647;
			files = (
				3E70EC9C1E06ADA000CE0D85 /* Assets.xcassets in Resources */,
				3E70EC9A1E06ADA000CE0D85 /* Interface.storyboard in Resources */,
			);
			runOnlyForDeploymentPostprocessing = 0;
		};
		3E70ECA01E06ADA000CE0D85 /* Resources */ = {
			isa = PBXResourcesBuildPhase;
			buildActionMask = 2147483647;
			files = (
				3E71F4901E06C91F00B748F4 /* se.caf in Resources */,
				3E70ECAC1E06ADA000CE0D85 /* Assets.xcassets in Resources */,
			);
			runOnlyForDeploymentPostprocessing = 0;
		};
/* End PBXResourcesBuildPhase section */

/* Begin PBXSourcesBuildPhase section */
		3E70EC7D1E06AD9F00CE0D85 /* Sources */ = {
			isa = PBXSourcesBuildPhase;
			buildActionMask = 2147483647;
			files = (
				3E70EC871E06AD9F00CE0D85 /* ViewController.swift in Sources */,
				3E70EC851E06AD9F00CE0D85 /* AppDelegate.swift in Sources */,
			);
			runOnlyForDeploymentPostprocessing = 0;
		};
		3E70EC9E1E06ADA000CE0D85 /* Sources */ = {
			isa = PBXSourcesBuildPhase;
			buildActionMask = 2147483647;
			files = (
				3E70ECAA1E06ADA000CE0D85 /* ExtensionDelegate.swift in Sources */,
				3E70ECA81E06ADA000CE0D85 /* InterfaceController.swift in Sources */,
			);
			runOnlyForDeploymentPostprocessing = 0;
		};
/* End PBXSourcesBuildPhase section */

/* Begin PBXTargetDependency section */
		3E70EC961E06ADA000CE0D85 /* PBXTargetDependency */ = {
			isa = PBXTargetDependency;
			target = 3E70EC921E06ADA000CE0D85 /* WatchAVFoundationSample WatchKit App */;
			targetProxy = 3E70EC951E06ADA000CE0D85 /* PBXContainerItemProxy */;
		};
		3E70ECA51E06ADA000CE0D85 /* PBXTargetDependency */ = {
			isa = PBXTargetDependency;
			target = 3E70ECA11E06ADA000CE0D85 /* WatchAVFoundationSample WatchKit Extension */;
			targetProxy = 3E70ECA41E06ADA000CE0D85 /* PBXContainerItemProxy */;
		};
/* End PBXTargetDependency section */

/* Begin PBXVariantGroup section */
		3E70EC881E06AD9F00CE0D85 /* Main.storyboard */ = {
			isa = PBXVariantGroup;
			children = (
				3E70EC891E06AD9F00CE0D85 /* Base */,
			);
			name = Main.storyboard;
			sourceTree = "<group>";
		};
		3E70EC8D1E06AD9F00CE0D85 /* LaunchScreen.storyboard */ = {
			isa = PBXVariantGroup;
			children = (
				3E70EC8E1E06AD9F00CE0D85 /* Base */,
			);
			name = LaunchScreen.storyboard;
			sourceTree = "<group>";
		};
		3E70EC981E06ADA000CE0D85 /* Interface.storyboard */ = {
			isa = PBXVariantGroup;
			children = (
				3E70EC991E06ADA000CE0D85 /* Base */,
			);
			name = Interface.storyboard;
			sourceTree = "<group>";
		};
/* End PBXVariantGroup section */

/* Begin XCBuildConfiguration section */
		3E70ECAE1E06ADA000CE0D85 /* Debug */ = {
			isa = XCBuildConfiguration;
			buildSettings = {
				ALWAYS_SEARCH_USER_PATHS = NO;
				CLANG_ANALYZER_NONNULL = YES;
				CLANG_CXX_LANGUAGE_STANDARD = "gnu++0x";
				CLANG_CXX_LIBRARY = "libc++";
				CLANG_ENABLE_MODULES = YES;
				CLANG_ENABLE_OBJC_ARC = YES;
				CLANG_WARN_BOOL_CONVERSION = YES;
				CLANG_WARN_CONSTANT_CONVERSION = YES;
				CLANG_WARN_DIRECT_OBJC_ISA_USAGE = YES_ERROR;
				CLANG_WARN_DOCUMENTATION_COMMENTS = YES;
				CLANG_WARN_EMPTY_BODY = YES;
				CLANG_WARN_ENUM_CONVERSION = YES;
				CLANG_WARN_INFINITE_RECURSION = YES;
				CLANG_WARN_INT_CONVERSION = YES;
				CLANG_WARN_OBJC_ROOT_CLASS = YES_ERROR;
				CLANG_WARN_SUSPICIOUS_MOVE = YES;
				CLANG_WARN_UNREACHABLE_CODE = YES;
				CLANG_WARN__DUPLICATE_METHOD_MATCH = YES;
				"CODE_SIGN_IDENTITY[sdk=iphoneos*]" = "iPhone Developer";
				COPY_PHASE_STRIP = NO;
				DEBUG_INFORMATION_FORMAT = dwarf;
				ENABLE_STRICT_OBJC_MSGSEND = YES;
				ENABLE_TESTABILITY = YES;
				GCC_C_LANGUAGE_STANDARD = gnu99;
				GCC_DYNAMIC_NO_PIC = NO;
				GCC_NO_COMMON_BLOCKS = YES;
				GCC_OPTIMIZATION_LEVEL = 0;
				GCC_PREPROCESSOR_DEFINITIONS = (
					"DEBUG=1",
					"$(inherited)",
				);
				GCC_WARN_64_TO_32_BIT_CONVERSION = YES;
				GCC_WARN_ABOUT_RETURN_TYPE = YES_ERROR;
				GCC_WARN_UNDECLARED_SELECTOR = YES;
				GCC_WARN_UNINITIALIZED_AUTOS = YES_AGGRESSIVE;
				GCC_WARN_UNUSED_FUNCTION = YES;
				GCC_WARN_UNUSED_VARIABLE = YES;
				IPHONEOS_DEPLOYMENT_TARGET = 10.2;
				MTL_ENABLE_DEBUG_INFO = YES;
				ONLY_ACTIVE_ARCH = YES;
				SDKROOT = iphoneos;
				SWIFT_ACTIVE_COMPILATION_CONDITIONS = DEBUG;
				SWIFT_OPTIMIZATION_LEVEL = "-Onone";
			};
			name = Debug;
		};
		3E70ECAF1E06ADA000CE0D85 /* Release */ = {
			isa = XCBuildConfiguration;
			buildSettings = {
				ALWAYS_SEARCH_USER_PATHS = NO;
				CLANG_ANALYZER_NONNULL = YES;
				CLANG_CXX_LANGUAGE_STANDARD = "gnu++0x";
				CLANG_CXX_LIBRARY = "libc++";
				CLANG_ENABLE_MODULES = YES;
				CLANG_ENABLE_OBJC_ARC = YES;
				CLANG_WARN_BOOL_CONVERSION = YES;
				CLANG_WARN_CONSTANT_CONVERSION = YES;
				CLANG_WARN_DIRECT_OBJC_ISA_USAGE = YES_ERROR;
				CLANG_WARN_DOCUMENTATION_COMMENTS = YES;
				CLANG_WARN_EMPTY_BODY = YES;
				CLANG_WARN_ENUM_CONVERSION = YES;
				CLANG_WARN_INFINITE_RECURSION = YES;
				CLANG_WARN_INT_CONVERSION = YES;
				CLANG_WARN_OBJC_ROOT_CLASS = YES_ERROR;
				CLANG_WARN_SUSPICIOUS_MOVE = YES;
				CLANG_WARN_UNREACHABLE_CODE = YES;
				CLANG_WARN__DUPLICATE_METHOD_MATCH = YES;
				"CODE_SIGN_IDENTITY[sdk=iphoneos*]" = "iPhone Developer";
				COPY_PHASE_STRIP = NO;
				DEBUG_INFORMATION_FORMAT = "dwarf-with-dsym";
				ENABLE_NS_ASSERTIONS = NO;
				ENABLE_STRICT_OBJC_MSGSEND = YES;
				GCC_C_LANGUAGE_STANDARD = gnu99;
				GCC_NO_COMMON_BLOCKS = YES;
				GCC_WARN_64_TO_32_BIT_CONVERSION = YES;
				GCC_WARN_ABOUT_RETURN_TYPE = YES_ERROR;
				GCC_WARN_UNDECLARED_SELECTOR = YES;
				GCC_WARN_UNINITIALIZED_AUTOS = YES_AGGRESSIVE;
				GCC_WARN_UNUSED_FUNCTION = YES;
				GCC_WARN_UNUSED_VARIABLE = YES;
				IPHONEOS_DEPLOYMENT_TARGET = 10.2;
				MTL_ENABLE_DEBUG_INFO = NO;
				SDKROOT = iphoneos;
				SWIFT_OPTIMIZATION_LEVEL = "-Owholemodule";
				VALIDATE_PRODUCT = YES;
			};
			name = Release;
		};
		3E70ECB11E06ADA000CE0D85 /* Debug */ = {
			isa = XCBuildConfiguration;
			buildSettings = {
				ASSETCATALOG_COMPILER_COMPLICATION_NAME = Complication;
				DEVELOPMENT_TEAM = "";
				INFOPLIST_FILE = "WatchAVFoundationSample WatchKit Extension/Info.plist";
				LD_RUNPATH_SEARCH_PATHS = "$(inherited) @executable_path/Frameworks @executable_path/../../Frameworks";
				PRODUCT_BUNDLE_IDENTIFIER = biz.crossbridge.WatchAVFoundationSample.watchkitapp.watchkitextension;
				PRODUCT_NAME = "${TARGET_NAME}";
				SDKROOT = watchos;
				SKIP_INSTALL = YES;
				SWIFT_VERSION = 3.0;
				TARGETED_DEVICE_FAMILY = 4;
				WATCHOS_DEPLOYMENT_TARGET = 3.1;
			};
			name = Debug;
		};
		3E70ECB21E06ADA000CE0D85 /* Release */ = {
			isa = XCBuildConfiguration;
			buildSettings = {
				ASSETCATALOG_COMPILER_COMPLICATION_NAME = Complication;
				DEVELOPMENT_TEAM = "";
				INFOPLIST_FILE = "WatchAVFoundationSample WatchKit Extension/Info.plist";
				LD_RUNPATH_SEARCH_PATHS = "$(inherited) @executable_path/Frameworks @executable_path/../../Frameworks";
				PRODUCT_BUNDLE_IDENTIFIER = biz.crossbridge.WatchAVFoundationSample.watchkitapp.watchkitextension;
				PRODUCT_NAME = "${TARGET_NAME}";
				SDKROOT = watchos;
				SKIP_INSTALL = YES;
				SWIFT_VERSION = 3.0;
				TARGETED_DEVICE_FAMILY = 4;
				WATCHOS_DEPLOYMENT_TARGET = 3.1;
			};
			name = Release;
		};
		3E70ECB51E06ADA000CE0D85 /* Debug */ = {
			isa = XCBuildConfiguration;
			buildSettings = {
				ALWAYS_EMBED_SWIFT_STANDARD_LIBRARIES = YES;
				ASSETCATALOG_COMPILER_APPICON_NAME = AppIcon;
				DEVELOPMENT_TEAM = "";
				IBSC_MODULE = WatchAVFoundationSample_WatchKit_Extension;
				INFOPLIST_FILE = "WatchAVFoundationSample WatchKit App/Info.plist";
				LD_RUNPATH_SEARCH_PATHS = "$(inherited) @executable_path/Frameworks";
				PRODUCT_BUNDLE_IDENTIFIER = biz.crossbridge.WatchAVFoundationSample.watchkitapp;
				PRODUCT_NAME = "$(TARGET_NAME)";
				SDKROOT = watchos;
				SKIP_INSTALL = YES;
				SWIFT_VERSION = 3.0;
				TARGETED_DEVICE_FAMILY = 4;
				WATCHOS_DEPLOYMENT_TARGET = 3.1;
			};
			name = Debug;
		};
		3E70ECB61E06ADA000CE0D85 /* Release */ = {
			isa = XCBuildConfiguration;
			buildSettings = {
				ALWAYS_EMBED_SWIFT_STANDARD_LIBRARIES = YES;
				ASSETCATALOG_COMPILER_APPICON_NAME = AppIcon;
				DEVELOPMENT_TEAM = "";
				IBSC_MODULE = WatchAVFoundationSample_WatchKit_Extension;
				INFOPLIST_FILE = "WatchAVFoundationSample WatchKit App/Info.plist";
				LD_RUNPATH_SEARCH_PATHS = "$(inherited) @executable_path/Frameworks";
				PRODUCT_BUNDLE_IDENTIFIER = biz.crossbridge.WatchAVFoundationSample.watchkitapp;
				PRODUCT_NAME = "$(TARGET_NAME)";
				SDKROOT = watchos;
				SKIP_INSTALL = YES;
				SWIFT_VERSION = 3.0;
				TARGETED_DEVICE_FAMILY = 4;
				WATCHOS_DEPLOYMENT_TARGET = 3.1;
			};
			name = Release;
		};
		3E70ECB91E06ADA000CE0D85 /* Debug */ = {
			isa = XCBuildConfiguration;
			buildSettings = {
				ASSETCATALOG_COMPILER_APPICON_NAME = AppIcon;
				DEVELOPMENT_TEAM = "";
				INFOPLIST_FILE = WatchAVFoundationSample/Info.plist;
				LD_RUNPATH_SEARCH_PATHS = "$(inherited) @executable_path/Frameworks";
				PRODUCT_BUNDLE_IDENTIFIER = biz.crossbridge.WatchAVFoundationSample;
				PRODUCT_NAME = "$(TARGET_NAME)";
				SWIFT_VERSION = 3.0;
			};
			name = Debug;
		};
		3E70ECBA1E06ADA000CE0D85 /* Release */ = {
			isa = XCBuildConfiguration;
			buildSettings = {
				ASSETCATALOG_COMPILER_APPICON_NAME = AppIcon;
				DEVELOPMENT_TEAM = "";
				INFOPLIST_FILE = WatchAVFoundationSample/Info.plist;
				LD_RUNPATH_SEARCH_PATHS = "$(inherited) @executable_path/Frameworks";
				PRODUCT_BUNDLE_IDENTIFIER = biz.crossbridge.WatchAVFoundationSample;
				PRODUCT_NAME = "$(TARGET_NAME)";
				SWIFT_VERSION = 3.0;
			};
			name = Release;
		};
/* End XCBuildConfiguration section */

/* Begin XCConfigurationList section */
		3E70EC7C1E06AD9F00CE0D85 /* Build configuration list for PBXProject "WatchAVFoundationSample" */ = {
			isa = XCConfigurationList;
			buildConfigurations = (
				3E70ECAE1E06ADA000CE0D85 /* Debug */,
				3E70ECAF1E06ADA000CE0D85 /* Release */,
			);
			defaultConfigurationIsVisible = 0;
			defaultConfigurationName = Release;
		};
		3E70ECB01E06ADA000CE0D85 /* Build configuration list for PBXNativeTarget "WatchAVFoundationSample WatchKit Extension" */ = {
			isa = XCConfigurationList;
			buildConfigurations = (
				3E70ECB11E06ADA000CE0D85 /* Debug */,
				3E70ECB21E06ADA000CE0D85 /* Release */,
			);
			defaultConfigurationIsVisible = 0;
			defaultConfigurationName = Release;
		};
		3E70ECB41E06ADA000CE0D85 /* Build configuration list for PBXNativeTarget "WatchAVFoundationSample WatchKit App" */ = {
			isa = XCConfigurationList;
			buildConfigurations = (
				3E70ECB51E06ADA000CE0D85 /* Debug */,
				3E70ECB61E06ADA000CE0D85 /* Release */,
			);
			defaultConfigurationIsVisible = 0;
			defaultConfigurationName = Release;
		};
		3E70ECB81E06ADA000CE0D85 /* Build configuration list for PBXNativeTarget "WatchAVFoundationSample" */ = {
			isa = XCConfigurationList;
			buildConfigurations = (
				3E70ECB91E06ADA000CE0D85 /* Debug */,
				3E70ECBA1E06ADA000CE0D85 /* Release */,
			);
			defaultConfigurationIsVisible = 0;
			defaultConfigurationName = Release;
		};
/* End XCConfigurationList section */
	};
	rootObject = 3E70EC791E06AD9F00CE0D85 /* Project object */;
}
